
Microsoft Visual Studio Solution File, Format Version 12.00
# Visual Studio Version 17
VisualStudioVersion = 17.3.32721.290
MinimumVisualStudioVersion = 10.0.40219.1
Project("{9A19103F-16F7-4668-BE54-9A1E7A4F7556}") = "BikeStoresAPI", "BikeStoresAPI\BikeStoresAPI.csproj", "{09333CF0-5053-444E-AB93-59FEF9835080}"
EndProject
Project("{FAE04EC0-301F-11D3-BF4B-00C04F79EFBC}") = "BikeStoreAPI.Test", "BikeStoreAPI.Test\BikeStoreAPI.Test.csproj", "{CC15D1EA-E3BF-4536-8D4B-62F26C55FF37}"
EndProject
Global
	GlobalSection(SolutionConfigurationPlatforms) = preSolution
		Debug|Any CPU = Debug|Any CPU
		Release|Any CPU = Release|Any CPU
	EndGlobalSection
	GlobalSection(ProjectConfigurationPlatforms) = postSolution
		{09333CF0-5053-444E-AB93-59FEF9835080}.Debug|Any CPU.ActiveCfg = Debug|Any CPU
		{09333CF0-5053-444E-AB93-59FEF9835080}.Debug|Any CPU.Build.0 = Debug|Any CPU
		{09333CF0-5053-444E-AB93-59FEF9835080}.Release|Any CPU.ActiveCfg = Release|Any CPU
		{09333CF0-5053-444E-AB93-59FEF9835080}.Release|Any CPU.Build.0 = Release|Any CPU
		{CC15D1EA-E3BF-4536-8D4B-62F26C55FF37}.Debug|Any CPU.ActiveCfg = Debug|Any CPU
		{CC15D1EA-E3BF-4536-8D4B-62F26C55FF37}.Debug|Any CPU.Build.0 = Debug|Any CPU
		{CC15D1EA-E3BF-4536-8D4B-62F26C55FF37}.Release|Any CPU.ActiveCfg = Release|Any CPU
		{CC15D1EA-E3BF-4536-8D4B-62F26C55FF37}.Release|Any CPU.Build.0 = Release|Any CPU
	EndGlobalSection
	GlobalSection(SolutionProperties) = preSolution
		HideSolutionNode = FALSE
	EndGlobalSection
	GlobalSection(ExtensibilityGlobals) = postSolution
		SolutionGuid = {5D77EFF8-A6C2-486E-9FC6-1843EFA0410E}
	EndGlobalSection
EndGlobal
